
Microsoft Visual Studio Solution File, Format Version 12.00
# Visual Studio Version 17
VisualStudioVersion = 17.0.32014.148
MinimumVisualStudioVersion = 10.0.40219.1
Project("{FAE04EC0-301F-11D3-BF4B-00C04F79EFBC}") = "PrimeServiceLib", "PrimeServiceLib\PrimeServiceLib.csproj", "{72945769-11BD-43EC-9F8E-398B59E045E1}"
EndProject
Project("{FAE04EC0-301F-11D3-BF4B-00C04F79EFBC}") = "PrimeService.Tests", "PrimeService.Tests\PrimeService.Tests.csproj", "{CC5EEC9D-41C9-44CB-8092-F14A471E58BE}"
EndProject
Project("{2150E333-8FDC-42A3-9474-1A3956D46DE8}") = "Solution Items", "Solution Items", "{1E524263-7043-4787-9563-0B83064C6E8B}"
	ProjectSection(SolutionItems) = preProject
		README.md = README.md
	EndProjectSection
EndProject
Global
	GlobalSection(SolutionConfigurationPlatforms) = preSolution
		Debug|Any CPU = Debug|Any CPU
		Release|Any CPU = Release|Any CPU
	EndGlobalSection
	GlobalSection(ProjectConfigurationPlatforms) = postSolution
		{72945769-11BD-43EC-9F8E-398B59E045E1}.Debug|Any CPU.ActiveCfg = Debug|Any CPU
		{72945769-11BD-43EC-9F8E-398B59E045E1}.Debug|Any CPU.Build.0 = Debug|Any CPU
		{72945769-11BD-43EC-9F8E-398B59E045E1}.Release|Any CPU.ActiveCfg = Release|Any CPU
		{72945769-11BD-43EC-9F8E-398B59E045E1}.Release|Any CPU.Build.0 = Release|Any CPU
		{CC5EEC9D-41C9-44CB-8092-F14A471E58BE}.Debug|Any CPU.ActiveCfg = Debug|Any CPU
		{CC5EEC9D-41C9-44CB-8092-F14A471E58BE}.Debug|Any CPU.Build.0 = Debug|Any CPU
		{CC5EEC9D-41C9-44CB-8092-F14A471E58BE}.Release|Any CPU.ActiveCfg = Release|Any CPU
		{CC5EEC9D-41C9-44CB-8092-F14A471E58BE}.Release|Any CPU.Build.0 = Release|Any CPU
	EndGlobalSection
	GlobalSection(SolutionProperties) = preSolution
		HideSolutionNode = FALSE
	EndGlobalSection
	GlobalSection(ExtensibilityGlobals) = postSolution
		SolutionGuid = {7B532BAA-F805-4F44-BB44-A6AB55DE40BB}
	EndGlobalSection
EndGlobal
